
Microsoft Visual Studio Solution File, Format Version 12.00
# Visual Studio Version 17
VisualStudioVersion = 17.5.002.0
MinimumVisualStudioVersion = 10.0.40219.1
Project("{9A19103F-16F7-4668-BE54-9A1E7A4F7556}") = "Tests", "Tests.csproj", "{18D34DD9-5FE8-481F-B16F-07955C095C8D}"
EndProject
Global
	GlobalSection(SolutionConfigurationPlatforms) = preSolution
		Debug|Any CPU = Debug|Any CPU
		Release|Any CPU = Release|Any CPU
	EndGlobalSection
	GlobalSection(ProjectConfigurationPlatforms) = postSolution
		{18D34DD9-5FE8-481F-B16F-07955C095C8D}.Debug|Any CPU.ActiveCfg = Debug|Any CPU
		{18D34DD9-5FE8-481F-B16F-07955C095C8D}.Debug|Any CPU.Build.0 = Debug|Any CPU
		{18D34DD9-5FE8-481F-B16F-07955C095C8D}.Release|Any CPU.ActiveCfg = Release|Any CPU
		{18D34DD9-5FE8-481F-B16F-07955C095C8D}.Release|Any CPU.Build.0 = Release|Any CPU
	EndGlobalSection
	GlobalSection(SolutionProperties) = preSolution
		HideSolutionNode = FALSE
	EndGlobalSection
	GlobalSection(ExtensibilityGlobals) = postSolution
		SolutionGuid = {D1A5D4CD-82C0-4B22-8545-C6845402DB6F}
	EndGlobalSection
EndGlobal
